
Microsoft Visual Studio Solution File, Format Version 12.00
# Visual Studio Version 17
VisualStudioVersion = 17.1.32421.90
MinimumVisualStudioVersion = 10.0.40219.1
Project("{FAE04EC0-301F-11D3-BF4B-00C04F79EFBC}") = "Mutex", "Mutex\Mutex.csproj", "{072FDA77-BBE8-4E9C-B601-E77ADFEDF7AA}"
EndProject
Global
	GlobalSection(SolutionConfigurationPlatforms) = preSolution
		Debug|Any CPU = Debug|Any CPU
		Release|Any CPU = Release|Any CPU
	EndGlobalSection
	GlobalSection(ProjectConfigurationPlatforms) = postSolution
		{072FDA77-BBE8-4E9C-B601-E77ADFEDF7AA}.Debug|Any CPU.ActiveCfg = Debug|Any CPU
		{072FDA77-BBE8-4E9C-B601-E77ADFEDF7AA}.Debug|Any CPU.Build.0 = Debug|Any CPU
		{072FDA77-BBE8-4E9C-B601-E77ADFEDF7AA}.Release|Any CPU.ActiveCfg = Release|Any CPU
		{072FDA77-BBE8-4E9C-B601-E77ADFEDF7AA}.Release|Any CPU.Build.0 = Release|Any CPU
	EndGlobalSection
	GlobalSection(SolutionProperties) = preSolution
		HideSolutionNode = FALSE
	EndGlobalSection
	GlobalSection(ExtensibilityGlobals) = postSolution
		SolutionGuid = {8C63F915-AA6F-4DBC-BA21-463F64BAACE6}
	EndGlobalSection
EndGlobal
